
Microsoft Visual Studio Solution File, Format Version 12.00
# Visual Studio Version 17
VisualStudioVersion = 17.4.33403.182
MinimumVisualStudioVersion = 10.0.40219.1
Project("{FAE04EC0-301F-11D3-BF4B-00C04F79EFBC}") = "KGD", "KGD\KGD.csproj", "{C562B578-71E0-4531-A779-E86721A828BE}"
EndProject
Project("{9A19103F-16F7-4668-BE54-9A1E7A4F7556}") = "KGD.Application", "KGD.Application\KGD.Application.csproj", "{7FDBC46A-44B0-4F76-BBC9-234E3D6C9F96}"
Project("{9A19103F-16F7-4668-BE54-9A1E7A4F7556}") = "KGD.Infrastructure", "KGD.Infrastructure\KGD.Infrastructure.csproj", "{1D3FC530-7F53-49B1-B70C-5A3B38EFB657}"
Project("{9A19103F-16F7-4668-BE54-9A1E7A4F7556}") = "KGD.Domain", "KGD.Domain\KGD.Domain.csproj", "{A096F68D-9A43-430C-B922-59155C8AADD2}"
Global
	GlobalSection(SolutionConfigurationPlatforms) = preSolution
		Debug|Any CPU = Debug|Any CPU
		Release|Any CPU = Release|Any CPU
	EndGlobalSection
	GlobalSection(ProjectConfigurationPlatforms) = postSolution
		{C562B578-71E0-4531-A779-E86721A828BE}.Debug|Any CPU.ActiveCfg = Debug|Any CPU
		{C562B578-71E0-4531-A779-E86721A828BE}.Debug|Any CPU.Build.0 = Debug|Any CPU
		{C562B578-71E0-4531-A779-E86721A828BE}.Release|Any CPU.ActiveCfg = Release|Any CPU
		{C562B578-71E0-4531-A779-E86721A828BE}.Release|Any CPU.Build.0 = Release|Any CPU
	EndGlobalSection
	GlobalSection(SolutionProperties) = preSolution
		HideSolutionNode = FALSE
	EndGlobalSection
	GlobalSection(ExtensibilityGlobals) = postSolution
		SolutionGuid = {4F6FE2E0-C7E4-43BC-A35D-19DF198BDE80}
	EndGlobalSection
EndGlobal
